# This file is automatically @generated by Cargo.
# It is not intended for manual editing.
[[package]]
name = "impose"
version = "0.1.0"
dependencies = [
 "smallvec",
]

[[package]]
name = "smallvec"
version = "1.4.2"
source = "registry+https://github.com/rust-lang/crates.io-index"
checksum = "fbee7696b84bbf3d89a1c2eccff0850e3047ed46bfcd2e92c29a2d074d57e252"
